
Microsoft Visual Studio Solution File, Format Version 12.00
# Visual Studio 2012
Project("{FAE04EC0-301F-11D3-BF4B-00C04F79EFBC}") = "XamarinClustererDemo", "XamarinClustererDemo\XamarinClustererDemo.csproj", "{F3DFA175-E76A-49BA-8823-6C2B3290F29E}"
EndProject
Project("{D954291E-2A0B-460D-934E-DC6B0785DB48}") = "SharpMapKitClusterer", "SharpMapKitClusterer\SharpMapKitClusterer.shproj", "{17062D56-811E-4D32-8E8A-1934CEF6CE22}"
EndProject
Global
	GlobalSection(SolutionConfigurationPlatforms) = preSolution
		Debug|iPhoneSimulator = Debug|iPhoneSimulator
		Release|iPhone = Release|iPhone
		Release|iPhoneSimulator = Release|iPhoneSimulator
		Debug|iPhone = Debug|iPhone
		Debug|Any CPU = Debug|Any CPU
		Release|Any CPU = Release|Any CPU
	EndGlobalSection
	GlobalSection(ProjectConfigurationPlatforms) = postSolution
		{F3DFA175-E76A-49BA-8823-6C2B3290F29E}.Debug|Any CPU.ActiveCfg = Debug|iPhoneSimulator
		{F3DFA175-E76A-49BA-8823-6C2B3290F29E}.Debug|Any CPU.Build.0 = Debug|iPhoneSimulator
		{F3DFA175-E76A-49BA-8823-6C2B3290F29E}.Debug|iPhone.ActiveCfg = Debug|iPhone
		{F3DFA175-E76A-49BA-8823-6C2B3290F29E}.Debug|iPhone.Build.0 = Debug|iPhone
		{F3DFA175-E76A-49BA-8823-6C2B3290F29E}.Debug|iPhoneSimulator.ActiveCfg = Debug|iPhoneSimulator
		{F3DFA175-E76A-49BA-8823-6C2B3290F29E}.Debug|iPhoneSimulator.Build.0 = Debug|iPhoneSimulator
		{F3DFA175-E76A-49BA-8823-6C2B3290F29E}.Release|Any CPU.ActiveCfg = Release|iPhone
		{F3DFA175-E76A-49BA-8823-6C2B3290F29E}.Release|Any CPU.Build.0 = Release|iPhone
		{F3DFA175-E76A-49BA-8823-6C2B3290F29E}.Release|iPhone.ActiveCfg = Release|iPhone
		{F3DFA175-E76A-49BA-8823-6C2B3290F29E}.Release|iPhone.Build.0 = Release|iPhone
		{F3DFA175-E76A-49BA-8823-6C2B3290F29E}.Release|iPhoneSimulator.ActiveCfg = Release|iPhoneSimulator
		{F3DFA175-E76A-49BA-8823-6C2B3290F29E}.Release|iPhoneSimulator.Build.0 = Release|iPhoneSimulator
	EndGlobalSection
EndGlobal
